
Microsoft Visual Studio Solution File, Format Version 12.00
# Visual Studio 15
VisualStudioVersion = 15.0.27004.2009
MinimumVisualStudioVersion = 10.0.40219.1
Project("{FAE04EC0-301F-11D3-BF4B-00C04F79EFBC}") = "SimplePM_Server", "SimplePM_Server\SimplePM_Server.csproj", "{94AF3181-17F8-4CC3-945C-CF911824B91C}"
EndProject
Project("{2150E333-8FDC-42A3-9474-1A3956D46DE8}") = "Plugin interfaces", "Plugin interfaces", "{5B3793B0-D301-43CB-91B9-BF6D5E8CA34F}"
EndProject
Project("{FAE04EC0-301F-11D3-BF4B-00C04F79EFBC}") = "CompilerBase", "CompilerBase\CompilerBase.csproj", "{BAEC96C2-D35E-40DE-99A8-8162174082AC}"
EndProject
Project("{2150E333-8FDC-42A3-9474-1A3956D46DE8}") = "ICompilerPlugin", "ICompilerPlugin", "{AB1BFCB2-43F0-42D9-A7A7-23938E8C20D4}"
EndProject
Project("{2150E333-8FDC-42A3-9474-1A3956D46DE8}") = "IServerPlugin", "IServerPlugin", "{31E60900-A194-426B-9E57-8A59F7453F49}"
EndProject
Project("{2150E333-8FDC-42A3-9474-1A3956D46DE8}") = "Main projects", "Main projects", "{2045A3E1-12ED-4919-9BB1-6626477112D7}"
EndProject
Project("{FAE04EC0-301F-11D3-BF4B-00C04F79EFBC}") = "ICompilerPlugin.TypicalCompiler", "ICompilerPlugin.FreePascal\ICompilerPlugin.TypicalCompiler.csproj", "{4972495C-3341-484D-AAF3-01DB824C8031}"
EndProject
Project("{FAE04EC0-301F-11D3-BF4B-00C04F79EFBC}") = "ICompilerPlugin.Mono", "ICompilerPlugin.MonoCompiler\ICompilerPlugin.Mono.csproj", "{5AE99DC1-D02D-4EBF-8045-1DDE8AAA21FF}"
EndProject
Project("{FAE04EC0-301F-11D3-BF4B-00C04F79EFBC}") = "ICompilerPlugin.Java", "ICompilerPlugin.Java\ICompilerPlugin.Java.csproj", "{64E0447C-0F5B-48E0-9E99-8912B50218D2}"
EndProject
Project("{FAE04EC0-301F-11D3-BF4B-00C04F79EFBC}") = "SimplePM_Exceptions", "SimplePM_Exceptions\SimplePM_Exceptions.csproj", "{BADA387E-DF27-4AB7-9B11-F3EA89630494}"
EndProject
Project("{FAE04EC0-301F-11D3-BF4B-00C04F79EFBC}") = "PluginBase", "PluginBase\PluginBase.csproj", "{310E02F7-2D77-43FA-9AE1-9EDF2AF605CA}"
EndProject
Project("{FAE04EC0-301F-11D3-BF4B-00C04F79EFBC}") = "SubmissionInfo", "SubmissionInfo\SubmissionInfo.csproj", "{88A8832A-CB6F-49B6-B9DA-2E882E6DF482}"
EndProject
Project("{2150E333-8FDC-42A3-9474-1A3956D46DE8}") = "Additional projects", "Additional projects", "{260918EF-3103-4A98-8DA5-BCB40DEA37A3}"
EndProject
Project("{FAE04EC0-301F-11D3-BF4B-00C04F79EFBC}") = "ReleaseTestInfo", "ReleaseTestInfo\ReleaseTestInfo.csproj", "{E25F67E4-58D5-4A8E-885C-7098745BDEA4}"
EndProject
Project("{FAE04EC0-301F-11D3-BF4B-00C04F79EFBC}") = "ICompilerPlugin.NoCompiler", "ICompilerPlugin.NoCompiler\ICompilerPlugin.NoCompiler.csproj", "{86091FB0-BDB6-496D-820C-C5D21CBC6C8A}"
EndProject
Project("{2150E333-8FDC-42A3-9474-1A3956D46DE8}") = "Tools", "Tools", "{8B717D39-531F-4AEC-A339-32AEBD29EFF5}"
EndProject
Project("{FAE04EC0-301F-11D3-BF4B-00C04F79EFBC}") = "JudgeBase", "JudgeBase\JudgeBase.csproj", "{8E1E1DC7-CBEB-49FE-955D-2F1186EEAABB}"
EndProject
Project("{FAE04EC0-301F-11D3-BF4B-00C04F79EFBC}") = "ProgramTesting", "ProgramTesting\ProgramTesting.csproj", "{C9EDC5A6-4C50-4B0B-AB46-37797AC40739}"
EndProject
Project("{FAE04EC0-301F-11D3-BF4B-00C04F79EFBC}") = "PluginsManager", "PluginsManager\PluginsManager.csproj", "{7DB15A91-C319-4C83-BE51-F1D093E2D2F3}"
EndProject
Project("{9A19103F-16F7-4668-BE54-9A1E7A4F7556}") = "ServerTester", "ServerTester\ServerTester.csproj", "{8F850857-8C2A-4BE4-856B-BF4B8180E2C9}"
EndProject
Project("{2150E333-8FDC-42A3-9474-1A3956D46DE8}") = "IJudgePlugin", "IJudgePlugin", "{F1E5D391-6437-4DA1-9023-D1298D7F855F}"
EndProject
Project("{FAE04EC0-301F-11D3-BF4B-00C04F79EFBC}") = "IJudgePlugin.Full", "IJudgePlugin.Full\IJudgePlugin.Full.csproj", "{4D4B1DD1-3EA3-4CC1-89BC-A8AFD40E078A}"
EndProject
Project("{FAE04EC0-301F-11D3-BF4B-00C04F79EFBC}") = "IJudgePlugin.TestByTest", "IJudgePlugin.TestByTest\IJudgePlugin.TestByTest.csproj", "{7B73FCEB-3CAB-4BA4-A9F7-96833563785B}"
EndProject
Project("{FAE04EC0-301F-11D3-BF4B-00C04F79EFBC}") = "IJudgePlugin.None", "IJudgePlugin.None\IJudgePlugin.None.csproj", "{00054508-0FB9-4DC1-98A7-CAF7D609EE22}"
EndProject
Project("{FAE04EC0-301F-11D3-BF4B-00C04F79EFBC}") = "PlatformChecker", "PlatformChecker\PlatformChecker.csproj", "{269708AA-A7EE-4417-ABA4-065069F67E74}"
EndProject
Project("{FAE04EC0-301F-11D3-BF4B-00C04F79EFBC}") = "ProcessRunningSafety", "ProcessRunningSafety\ProcessRunningSafety.csproj", "{660C67D5-D265-44EC-A533-B439529F7CCC}"
EndProject
Global
	GlobalSection(SolutionConfigurationPlatforms) = preSolution
		Debug|x64 = Debug|x64
		Release|x64 = Release|x64
	EndGlobalSection
	GlobalSection(ProjectConfigurationPlatforms) = postSolution
		{94AF3181-17F8-4CC3-945C-CF911824B91C}.Debug|x64.ActiveCfg = Release|x64
		{94AF3181-17F8-4CC3-945C-CF911824B91C}.Debug|x64.Build.0 = Release|x64
		{94AF3181-17F8-4CC3-945C-CF911824B91C}.Release|x64.ActiveCfg = Release|x64
		{94AF3181-17F8-4CC3-945C-CF911824B91C}.Release|x64.Build.0 = Release|x64
		{BAEC96C2-D35E-40DE-99A8-8162174082AC}.Debug|x64.ActiveCfg = Release|x64
		{BAEC96C2-D35E-40DE-99A8-8162174082AC}.Debug|x64.Build.0 = Release|x64
		{BAEC96C2-D35E-40DE-99A8-8162174082AC}.Release|x64.ActiveCfg = Release|x64
		{BAEC96C2-D35E-40DE-99A8-8162174082AC}.Release|x64.Build.0 = Release|x64
		{4972495C-3341-484D-AAF3-01DB824C8031}.Debug|x64.ActiveCfg = Debug|x64
		{4972495C-3341-484D-AAF3-01DB824C8031}.Debug|x64.Build.0 = Debug|x64
		{4972495C-3341-484D-AAF3-01DB824C8031}.Release|x64.ActiveCfg = Release|x64
		{4972495C-3341-484D-AAF3-01DB824C8031}.Release|x64.Build.0 = Release|x64
		{5AE99DC1-D02D-4EBF-8045-1DDE8AAA21FF}.Debug|x64.ActiveCfg = Debug|x64
		{5AE99DC1-D02D-4EBF-8045-1DDE8AAA21FF}.Debug|x64.Build.0 = Debug|x64
		{5AE99DC1-D02D-4EBF-8045-1DDE8AAA21FF}.Release|x64.ActiveCfg = Release|x64
		{5AE99DC1-D02D-4EBF-8045-1DDE8AAA21FF}.Release|x64.Build.0 = Release|x64
		{64E0447C-0F5B-48E0-9E99-8912B50218D2}.Debug|x64.ActiveCfg = Debug|x64
		{64E0447C-0F5B-48E0-9E99-8912B50218D2}.Debug|x64.Build.0 = Debug|x64
		{64E0447C-0F5B-48E0-9E99-8912B50218D2}.Release|x64.ActiveCfg = Release|x64
		{64E0447C-0F5B-48E0-9E99-8912B50218D2}.Release|x64.Build.0 = Release|x64
		{BADA387E-DF27-4AB7-9B11-F3EA89630494}.Debug|x64.ActiveCfg = Debug|x64
		{BADA387E-DF27-4AB7-9B11-F3EA89630494}.Debug|x64.Build.0 = Debug|x64
		{BADA387E-DF27-4AB7-9B11-F3EA89630494}.Release|x64.ActiveCfg = Release|x64
		{BADA387E-DF27-4AB7-9B11-F3EA89630494}.Release|x64.Build.0 = Release|x64
		{310E02F7-2D77-43FA-9AE1-9EDF2AF605CA}.Debug|x64.ActiveCfg = Debug|x64
		{310E02F7-2D77-43FA-9AE1-9EDF2AF605CA}.Debug|x64.Build.0 = Debug|x64
		{310E02F7-2D77-43FA-9AE1-9EDF2AF605CA}.Release|x64.ActiveCfg = Release|x64
		{310E02F7-2D77-43FA-9AE1-9EDF2AF605CA}.Release|x64.Build.0 = Release|x64
		{88A8832A-CB6F-49B6-B9DA-2E882E6DF482}.Debug|x64.ActiveCfg = Debug|x64
		{88A8832A-CB6F-49B6-B9DA-2E882E6DF482}.Debug|x64.Build.0 = Debug|x64
		{88A8832A-CB6F-49B6-B9DA-2E882E6DF482}.Release|x64.ActiveCfg = Release|x64
		{88A8832A-CB6F-49B6-B9DA-2E882E6DF482}.Release|x64.Build.0 = Release|x64
		{E25F67E4-58D5-4A8E-885C-7098745BDEA4}.Debug|x64.ActiveCfg = Debug|x64
		{E25F67E4-58D5-4A8E-885C-7098745BDEA4}.Debug|x64.Build.0 = Debug|x64
		{E25F67E4-58D5-4A8E-885C-7098745BDEA4}.Release|x64.ActiveCfg = Release|x64
		{E25F67E4-58D5-4A8E-885C-7098745BDEA4}.Release|x64.Build.0 = Release|x64
		{86091FB0-BDB6-496D-820C-C5D21CBC6C8A}.Debug|x64.ActiveCfg = Debug|x64
		{86091FB0-BDB6-496D-820C-C5D21CBC6C8A}.Debug|x64.Build.0 = Debug|x64
		{86091FB0-BDB6-496D-820C-C5D21CBC6C8A}.Release|x64.ActiveCfg = Release|x64
		{86091FB0-BDB6-496D-820C-C5D21CBC6C8A}.Release|x64.Build.0 = Release|x64
		{8E1E1DC7-CBEB-49FE-955D-2F1186EEAABB}.Debug|x64.ActiveCfg = Debug|x64
		{8E1E1DC7-CBEB-49FE-955D-2F1186EEAABB}.Debug|x64.Build.0 = Debug|x64
		{8E1E1DC7-CBEB-49FE-955D-2F1186EEAABB}.Release|x64.ActiveCfg = Release|x64
		{8E1E1DC7-CBEB-49FE-955D-2F1186EEAABB}.Release|x64.Build.0 = Release|x64
		{C9EDC5A6-4C50-4B0B-AB46-37797AC40739}.Debug|x64.ActiveCfg = Debug|x64
		{C9EDC5A6-4C50-4B0B-AB46-37797AC40739}.Debug|x64.Build.0 = Debug|x64
		{C9EDC5A6-4C50-4B0B-AB46-37797AC40739}.Release|x64.ActiveCfg = Release|x64
		{C9EDC5A6-4C50-4B0B-AB46-37797AC40739}.Release|x64.Build.0 = Release|x64
		{7DB15A91-C319-4C83-BE51-F1D093E2D2F3}.Debug|x64.ActiveCfg = Debug|x64
		{7DB15A91-C319-4C83-BE51-F1D093E2D2F3}.Debug|x64.Build.0 = Debug|x64
		{7DB15A91-C319-4C83-BE51-F1D093E2D2F3}.Release|x64.ActiveCfg = Release|x64
		{8F850857-8C2A-4BE4-856B-BF4B8180E2C9}.Debug|x64.ActiveCfg = Debug|x64
		{8F850857-8C2A-4BE4-856B-BF4B8180E2C9}.Debug|x64.Build.0 = Debug|x64
		{8F850857-8C2A-4BE4-856B-BF4B8180E2C9}.Release|x64.ActiveCfg = Release|x64
		{4D4B1DD1-3EA3-4CC1-89BC-A8AFD40E078A}.Debug|x64.ActiveCfg = Debug|x64
		{4D4B1DD1-3EA3-4CC1-89BC-A8AFD40E078A}.Debug|x64.Build.0 = Debug|x64
		{4D4B1DD1-3EA3-4CC1-89BC-A8AFD40E078A}.Release|x64.ActiveCfg = Release|x64
		{4D4B1DD1-3EA3-4CC1-89BC-A8AFD40E078A}.Release|x64.Build.0 = Release|x64
		{7B73FCEB-3CAB-4BA4-A9F7-96833563785B}.Debug|x64.ActiveCfg = Debug|x64
		{7B73FCEB-3CAB-4BA4-A9F7-96833563785B}.Debug|x64.Build.0 = Debug|x64
		{7B73FCEB-3CAB-4BA4-A9F7-96833563785B}.Release|x64.ActiveCfg = Release|x64
		{7B73FCEB-3CAB-4BA4-A9F7-96833563785B}.Release|x64.Build.0 = Release|x64
		{00054508-0FB9-4DC1-98A7-CAF7D609EE22}.Debug|x64.ActiveCfg = Debug|x64
		{00054508-0FB9-4DC1-98A7-CAF7D609EE22}.Debug|x64.Build.0 = Debug|x64
		{00054508-0FB9-4DC1-98A7-CAF7D609EE22}.Release|x64.ActiveCfg = Release|x64
		{00054508-0FB9-4DC1-98A7-CAF7D609EE22}.Release|x64.Build.0 = Release|x64
		{269708AA-A7EE-4417-ABA4-065069F67E74}.Debug|x64.ActiveCfg = Debug|x64
		{269708AA-A7EE-4417-ABA4-065069F67E74}.Debug|x64.Build.0 = Debug|x64
		{269708AA-A7EE-4417-ABA4-065069F67E74}.Release|x64.ActiveCfg = Release|x64
		{269708AA-A7EE-4417-ABA4-065069F67E74}.Release|x64.Build.0 = Release|x64
		{660C67D5-D265-44EC-A533-B439529F7CCC}.Debug|x64.ActiveCfg = Debug|Any CPU
		{660C67D5-D265-44EC-A533-B439529F7CCC}.Debug|x64.Build.0 = Debug|Any CPU
		{660C67D5-D265-44EC-A533-B439529F7CCC}.Release|x64.ActiveCfg = Release|x64
	EndGlobalSection
	GlobalSection(SolutionProperties) = preSolution
		HideSolutionNode = FALSE
	EndGlobalSection
	GlobalSection(NestedProjects) = preSolution
		{94AF3181-17F8-4CC3-945C-CF911824B91C} = {2045A3E1-12ED-4919-9BB1-6626477112D7}
		{BAEC96C2-D35E-40DE-99A8-8162174082AC} = {5B3793B0-D301-43CB-91B9-BF6D5E8CA34F}
		{4972495C-3341-484D-AAF3-01DB824C8031} = {AB1BFCB2-43F0-42D9-A7A7-23938E8C20D4}
		{5AE99DC1-D02D-4EBF-8045-1DDE8AAA21FF} = {AB1BFCB2-43F0-42D9-A7A7-23938E8C20D4}
		{64E0447C-0F5B-48E0-9E99-8912B50218D2} = {AB1BFCB2-43F0-42D9-A7A7-23938E8C20D4}
		{BADA387E-DF27-4AB7-9B11-F3EA89630494} = {260918EF-3103-4A98-8DA5-BCB40DEA37A3}
		{310E02F7-2D77-43FA-9AE1-9EDF2AF605CA} = {5B3793B0-D301-43CB-91B9-BF6D5E8CA34F}
		{88A8832A-CB6F-49B6-B9DA-2E882E6DF482} = {260918EF-3103-4A98-8DA5-BCB40DEA37A3}
		{E25F67E4-58D5-4A8E-885C-7098745BDEA4} = {260918EF-3103-4A98-8DA5-BCB40DEA37A3}
		{86091FB0-BDB6-496D-820C-C5D21CBC6C8A} = {AB1BFCB2-43F0-42D9-A7A7-23938E8C20D4}
		{8E1E1DC7-CBEB-49FE-955D-2F1186EEAABB} = {5B3793B0-D301-43CB-91B9-BF6D5E8CA34F}
		{C9EDC5A6-4C50-4B0B-AB46-37797AC40739} = {260918EF-3103-4A98-8DA5-BCB40DEA37A3}
		{7DB15A91-C319-4C83-BE51-F1D093E2D2F3} = {8B717D39-531F-4AEC-A339-32AEBD29EFF5}
		{8F850857-8C2A-4BE4-856B-BF4B8180E2C9} = {8B717D39-531F-4AEC-A339-32AEBD29EFF5}
		{4D4B1DD1-3EA3-4CC1-89BC-A8AFD40E078A} = {F1E5D391-6437-4DA1-9023-D1298D7F855F}
		{7B73FCEB-3CAB-4BA4-A9F7-96833563785B} = {F1E5D391-6437-4DA1-9023-D1298D7F855F}
		{00054508-0FB9-4DC1-98A7-CAF7D609EE22} = {F1E5D391-6437-4DA1-9023-D1298D7F855F}
		{269708AA-A7EE-4417-ABA4-065069F67E74} = {260918EF-3103-4A98-8DA5-BCB40DEA37A3}
		{660C67D5-D265-44EC-A533-B439529F7CCC} = {260918EF-3103-4A98-8DA5-BCB40DEA37A3}
	EndGlobalSection
	GlobalSection(ExtensibilityGlobals) = postSolution
		SolutionGuid = {56F31401-B3C0-4807-AE6F-109275F9E051}
	EndGlobalSection
EndGlobal
