
Microsoft Visual Studio Solution File, Format Version 12.00
Project("{FAE04EC0-301F-11D3-BF4B-00C04F79EFBC}") = "CompilerPlugin", "CompilerPlugin\CompilerPlugin.csproj", "{BF2145F9-72A7-4BBD-8C1A-14B2ECAE5F01}"
EndProject
Project("{FAE04EC0-301F-11D3-BF4B-00C04F79EFBC}") = "JudgePlugin", "JudgePlugin\JudgePlugin.csproj", "{2EF20220-1851-428D-807D-2C0DAE367FE6}"
EndProject
Project("{FAE04EC0-301F-11D3-BF4B-00C04F79EFBC}") = "Plugin", "Plugin\Plugin.csproj", "{D138CE75-F3FC-47DC-A73D-387732846265}"
EndProject
Project("{FAE04EC0-301F-11D3-BF4B-00C04F79EFBC}") = "ProgramTestingAdditions", "ProgramTestingAdditions\ProgramTestingAdditions.csproj", "{02A80694-842B-41B6-9188-40CB9300773F}"
EndProject
Project("{FAE04EC0-301F-11D3-BF4B-00C04F79EFBC}") = "ReleaseTestInfo", "ReleaseTestInfo\ReleaseTestInfo.csproj", "{5A994353-9070-4EBC-BDBF-63F62D123429}"
EndProject
Project("{FAE04EC0-301F-11D3-BF4B-00C04F79EFBC}") = "ServerExceptions", "ServerExceptions\ServerExceptions.csproj", "{C6AE23F0-EE13-4099-95BB-EF40E2D7D40F}"
EndProject
Project("{FAE04EC0-301F-11D3-BF4B-00C04F79EFBC}") = "ServerPlugin", "ServerPlugin\ServerPlugin.csproj", "{4120C203-AF78-4A9E-A53E-18134E74B447}"
EndProject
Project("{FAE04EC0-301F-11D3-BF4B-00C04F79EFBC}") = "SimplePM_Server", "SimplePM_Server\SimplePM_Server.csproj", "{6086B6E8-3A97-4035-BE17-8906D4ED6975}"
EndProject
Project("{FAE04EC0-301F-11D3-BF4B-00C04F79EFBC}") = "SubmissionInfo", "SubmissionInfo\SubmissionInfo.csproj", "{A8ED8002-3CAF-4336-A80F-13CCA0517F8F}"
EndProject
Project("{2150E333-8FDC-42A3-9474-1A3956D46DE8}") = "Main executable projects", "Main executable projects", "{E3F6547F-B667-4D0A-85D5-1F43FD8FD07A}"
EndProject
Project("{2150E333-8FDC-42A3-9474-1A3956D46DE8}") = "Additional projects", "Additional projects", "{7007725E-C01E-4DA6-BB88-C226185C63BD}"
EndProject
Project("{2150E333-8FDC-42A3-9474-1A3956D46DE8}") = "Data storage", "Data storage", "{BC3B8EFE-BBAC-4109-9F94-216FB0223B54}"
EndProject
Project("{2150E333-8FDC-42A3-9474-1A3956D46DE8}") = "Others", "Others", "{93461C4E-A83E-4174-9CF2-961C17D66BB8}"
EndProject
Project("{2150E333-8FDC-42A3-9474-1A3956D46DE8}") = "Plugins", "Plugins", "{F88F47BF-889F-4160-B4CD-0BC189975F26}"
EndProject
Project("{2150E333-8FDC-42A3-9474-1A3956D46DE8}") = "Definitions", "Definitions", "{9E06B4E2-50F4-4B85-A91E-36193E8DBF26}"
EndProject
Project("{2150E333-8FDC-42A3-9474-1A3956D46DE8}") = "Realizations", "Realizations", "{F463FF9A-C80A-4020-BAF6-FF1C5D869ED3}"
EndProject
Project("{2150E333-8FDC-42A3-9474-1A3956D46DE8}") = "Compiler plugins", "Compiler plugins", "{E12ED158-6FCC-43F3-83A5-B78312084155}"
EndProject
Project("{2150E333-8FDC-42A3-9474-1A3956D46DE8}") = "Judge plugins", "Judge plugins", "{B45A0CA1-5FDD-4922-A3FA-0D5CD1237ED9}"
EndProject
Project("{2150E333-8FDC-42A3-9474-1A3956D46DE8}") = "Server plugins", "Server plugins", "{EF6254C5-EAA8-4661-81AF-AC3A32D89F14}"
EndProject
Project("{2150E333-8FDC-42A3-9474-1A3956D46DE8}") = "Runners and executors", "Runners and executors", "{75283DAA-D0DA-4873-90C9-F83B626AB854}"
EndProject
Project("{FAE04EC0-301F-11D3-BF4B-00C04F79EFBC}") = "IJudgePlugin.None", "IJudgePlugin.None\IJudgePlugin.None.csproj", "{C0144AB5-8858-41DF-BD91-6CE48E17C043}"
EndProject
Project("{FAE04EC0-301F-11D3-BF4B-00C04F79EFBC}") = "IJudgePlugin.TestByTest", "IJudgePlugin.TestByTest\IJudgePlugin.TestByTest.csproj", "{49F29C28-29E5-4B71-8C30-1D1C2C714C51}"
EndProject
Project("{FAE04EC0-301F-11D3-BF4B-00C04F79EFBC}") = "IJudgePlugin.Full", "IJudgePlugin.Full\IJudgePlugin.Full.csproj", "{507C9252-0953-43C2-9656-EF1A061D18D7}"
EndProject
Project("{FAE04EC0-301F-11D3-BF4B-00C04F79EFBC}") = "ICompilerPlugin.Java", "ICompilerPlugin.Java\ICompilerPlugin.Java.csproj", "{0F956DB4-4DEE-40D6-905A-790EE16FEE3F}"
EndProject
Project("{FAE04EC0-301F-11D3-BF4B-00C04F79EFBC}") = "ICompilerPlugin.TypicalCompiler", "ICompilerPlugin.TypicalCompiler\ICompilerPlugin.TypicalCompiler.csproj", "{E5B320E8-8301-4925-A62C-B7B3F87CC85C}"
EndProject
Global
	GlobalSection(SolutionConfigurationPlatforms) = preSolution
		Release|x64 = Release|x64
		Debug|x64 = Debug|x64
	EndGlobalSection
	GlobalSection(ProjectConfigurationPlatforms) = postSolution
		{BF2145F9-72A7-4BBD-8C1A-14B2ECAE5F01}.Release|x64.ActiveCfg = Release|x64
		{BF2145F9-72A7-4BBD-8C1A-14B2ECAE5F01}.Release|x64.Build.0 = Release|x64
		{BF2145F9-72A7-4BBD-8C1A-14B2ECAE5F01}.Debug|x64.ActiveCfg = Debug|x64
		{BF2145F9-72A7-4BBD-8C1A-14B2ECAE5F01}.Debug|x64.Build.0 = Debug|x64
		{2EF20220-1851-428D-807D-2C0DAE367FE6}.Release|x64.ActiveCfg = Release|x64
		{2EF20220-1851-428D-807D-2C0DAE367FE6}.Release|x64.Build.0 = Release|x64
		{2EF20220-1851-428D-807D-2C0DAE367FE6}.Debug|x64.ActiveCfg = Debug|x64
		{2EF20220-1851-428D-807D-2C0DAE367FE6}.Debug|x64.Build.0 = Debug|x64
		{D138CE75-F3FC-47DC-A73D-387732846265}.Release|x64.ActiveCfg = Release|x64
		{D138CE75-F3FC-47DC-A73D-387732846265}.Release|x64.Build.0 = Release|x64
		{D138CE75-F3FC-47DC-A73D-387732846265}.Debug|x64.ActiveCfg = Debug|x64
		{D138CE75-F3FC-47DC-A73D-387732846265}.Debug|x64.Build.0 = Debug|x64
		{02A80694-842B-41B6-9188-40CB9300773F}.Release|x64.ActiveCfg = Release|x64
		{02A80694-842B-41B6-9188-40CB9300773F}.Release|x64.Build.0 = Release|x64
		{02A80694-842B-41B6-9188-40CB9300773F}.Debug|x64.ActiveCfg = Debug|x64
		{02A80694-842B-41B6-9188-40CB9300773F}.Debug|x64.Build.0 = Debug|x64
		{5A994353-9070-4EBC-BDBF-63F62D123429}.Release|x64.ActiveCfg = Release|x64
		{5A994353-9070-4EBC-BDBF-63F62D123429}.Release|x64.Build.0 = Release|x64
		{5A994353-9070-4EBC-BDBF-63F62D123429}.Debug|x64.ActiveCfg = Debug|x64
		{5A994353-9070-4EBC-BDBF-63F62D123429}.Debug|x64.Build.0 = Debug|x64
		{C6AE23F0-EE13-4099-95BB-EF40E2D7D40F}.Release|x64.ActiveCfg = Release|x64
		{C6AE23F0-EE13-4099-95BB-EF40E2D7D40F}.Release|x64.Build.0 = Release|x64
		{C6AE23F0-EE13-4099-95BB-EF40E2D7D40F}.Debug|x64.ActiveCfg = Debug|x64
		{C6AE23F0-EE13-4099-95BB-EF40E2D7D40F}.Debug|x64.Build.0 = Debug|x64
		{4120C203-AF78-4A9E-A53E-18134E74B447}.Release|x64.ActiveCfg = Release|x64
		{4120C203-AF78-4A9E-A53E-18134E74B447}.Release|x64.Build.0 = Release|x64
		{4120C203-AF78-4A9E-A53E-18134E74B447}.Debug|x64.ActiveCfg = Debug|x64
		{4120C203-AF78-4A9E-A53E-18134E74B447}.Debug|x64.Build.0 = Debug|x64
		{6086B6E8-3A97-4035-BE17-8906D4ED6975}.Release|x64.ActiveCfg = Release|x64
		{6086B6E8-3A97-4035-BE17-8906D4ED6975}.Release|x64.Build.0 = Release|x64
		{6086B6E8-3A97-4035-BE17-8906D4ED6975}.Debug|x64.ActiveCfg = Debug|x64
		{6086B6E8-3A97-4035-BE17-8906D4ED6975}.Debug|x64.Build.0 = Debug|x64
		{A8ED8002-3CAF-4336-A80F-13CCA0517F8F}.Release|x64.ActiveCfg = Release|x64
		{A8ED8002-3CAF-4336-A80F-13CCA0517F8F}.Release|x64.Build.0 = Release|x64
		{A8ED8002-3CAF-4336-A80F-13CCA0517F8F}.Debug|x64.ActiveCfg = Debug|x64
		{A8ED8002-3CAF-4336-A80F-13CCA0517F8F}.Debug|x64.Build.0 = Debug|x64
		{0F956DB4-4DEE-40D6-905A-790EE16FEE3F}.Debug|x64.ActiveCfg = Debug|x64
		{0F956DB4-4DEE-40D6-905A-790EE16FEE3F}.Debug|x64.Build.0 = Debug|x64
		{0F956DB4-4DEE-40D6-905A-790EE16FEE3F}.Release|x64.ActiveCfg = Release|x64
		{0F956DB4-4DEE-40D6-905A-790EE16FEE3F}.Release|x64.Build.0 = Release|x64
		{507C9252-0953-43C2-9656-EF1A061D18D7}.Debug|x64.ActiveCfg = Debug|x64
		{507C9252-0953-43C2-9656-EF1A061D18D7}.Debug|x64.Build.0 = Debug|x64
		{507C9252-0953-43C2-9656-EF1A061D18D7}.Release|x64.ActiveCfg = Release|x64
		{507C9252-0953-43C2-9656-EF1A061D18D7}.Release|x64.Build.0 = Release|x64
		{C0144AB5-8858-41DF-BD91-6CE48E17C043}.Debug|x64.ActiveCfg = Debug|x64
		{C0144AB5-8858-41DF-BD91-6CE48E17C043}.Debug|x64.Build.0 = Debug|x64
		{C0144AB5-8858-41DF-BD91-6CE48E17C043}.Release|x64.ActiveCfg = Release|x64
		{C0144AB5-8858-41DF-BD91-6CE48E17C043}.Release|x64.Build.0 = Release|x64
		{49F29C28-29E5-4B71-8C30-1D1C2C714C51}.Debug|x64.ActiveCfg = Debug|x64
		{49F29C28-29E5-4B71-8C30-1D1C2C714C51}.Debug|x64.Build.0 = Debug|x64
		{49F29C28-29E5-4B71-8C30-1D1C2C714C51}.Release|x64.ActiveCfg = Release|x64
		{49F29C28-29E5-4B71-8C30-1D1C2C714C51}.Release|x64.Build.0 = Release|x64
		{E5B320E8-8301-4925-A62C-B7B3F87CC85C}.Release|x64.ActiveCfg = Release|x64
		{E5B320E8-8301-4925-A62C-B7B3F87CC85C}.Release|x64.Build.0 = Release|x64
		{E5B320E8-8301-4925-A62C-B7B3F87CC85C}.Debug|x64.ActiveCfg = Debug|x64
		{E5B320E8-8301-4925-A62C-B7B3F87CC85C}.Debug|x64.Build.0 = Debug|x64
	EndGlobalSection
	GlobalSection(NestedProjects) = preSolution
		{6086B6E8-3A97-4035-BE17-8906D4ED6975} = {E3F6547F-B667-4D0A-85D5-1F43FD8FD07A}
		{BC3B8EFE-BBAC-4109-9F94-216FB0223B54} = {7007725E-C01E-4DA6-BB88-C226185C63BD}
		{A8ED8002-3CAF-4336-A80F-13CCA0517F8F} = {BC3B8EFE-BBAC-4109-9F94-216FB0223B54}
		{5A994353-9070-4EBC-BDBF-63F62D123429} = {BC3B8EFE-BBAC-4109-9F94-216FB0223B54}
		{93461C4E-A83E-4174-9CF2-961C17D66BB8} = {7007725E-C01E-4DA6-BB88-C226185C63BD}
		{C6AE23F0-EE13-4099-95BB-EF40E2D7D40F} = {93461C4E-A83E-4174-9CF2-961C17D66BB8}
		{9E06B4E2-50F4-4B85-A91E-36193E8DBF26} = {F88F47BF-889F-4160-B4CD-0BC189975F26}
		{F463FF9A-C80A-4020-BAF6-FF1C5D869ED3} = {F88F47BF-889F-4160-B4CD-0BC189975F26}
		{2EF20220-1851-428D-807D-2C0DAE367FE6} = {9E06B4E2-50F4-4B85-A91E-36193E8DBF26}
		{BF2145F9-72A7-4BBD-8C1A-14B2ECAE5F01} = {9E06B4E2-50F4-4B85-A91E-36193E8DBF26}
		{4120C203-AF78-4A9E-A53E-18134E74B447} = {9E06B4E2-50F4-4B85-A91E-36193E8DBF26}
		{E12ED158-6FCC-43F3-83A5-B78312084155} = {F463FF9A-C80A-4020-BAF6-FF1C5D869ED3}
		{B45A0CA1-5FDD-4922-A3FA-0D5CD1237ED9} = {F463FF9A-C80A-4020-BAF6-FF1C5D869ED3}
		{EF6254C5-EAA8-4661-81AF-AC3A32D89F14} = {F463FF9A-C80A-4020-BAF6-FF1C5D869ED3}
		{D138CE75-F3FC-47DC-A73D-387732846265} = {9E06B4E2-50F4-4B85-A91E-36193E8DBF26}
		{75283DAA-D0DA-4873-90C9-F83B626AB854} = {7007725E-C01E-4DA6-BB88-C226185C63BD}
		{02A80694-842B-41B6-9188-40CB9300773F} = {75283DAA-D0DA-4873-90C9-F83B626AB854}
		{C0144AB5-8858-41DF-BD91-6CE48E17C043} = {B45A0CA1-5FDD-4922-A3FA-0D5CD1237ED9}
		{49F29C28-29E5-4B71-8C30-1D1C2C714C51} = {B45A0CA1-5FDD-4922-A3FA-0D5CD1237ED9}
		{507C9252-0953-43C2-9656-EF1A061D18D7} = {B45A0CA1-5FDD-4922-A3FA-0D5CD1237ED9}
		{0F956DB4-4DEE-40D6-905A-790EE16FEE3F} = {E12ED158-6FCC-43F3-83A5-B78312084155}
		{E5B320E8-8301-4925-A62C-B7B3F87CC85C} = {E12ED158-6FCC-43F3-83A5-B78312084155}
	EndGlobalSection
EndGlobal
