
Microsoft Visual Studio Solution File, Format Version 12.00
# Visual Studio 15
VisualStudioVersion = 15.0.27004.2009
MinimumVisualStudioVersion = 10.0.40219.1
Project("{FAE04EC0-301F-11D3-BF4B-00C04F79EFBC}") = "SimplePM_Server", "SimplePM_Server\SimplePM_Server.csproj", "{94AF3181-17F8-4CC3-945C-CF911824B91C}"
EndProject
Project("{2150E333-8FDC-42A3-9474-1A3956D46DE8}") = "Plugin interfaces", "Plugin interfaces", "{5B3793B0-D301-43CB-91B9-BF6D5E8CA34F}"
EndProject
Project("{FAE04EC0-301F-11D3-BF4B-00C04F79EFBC}") = "CompilerBase", "CompilerBase\CompilerBase.csproj", "{BAEC96C2-D35E-40DE-99A8-8162174082AC}"
EndProject
Project("{2150E333-8FDC-42A3-9474-1A3956D46DE8}") = "ICompilerPlugin", "ICompilerPlugin", "{AB1BFCB2-43F0-42D9-A7A7-23938E8C20D4}"
EndProject
Project("{2150E333-8FDC-42A3-9474-1A3956D46DE8}") = "IServerPlugin", "IServerPlugin", "{31E60900-A194-426B-9E57-8A59F7453F49}"
EndProject
Project("{2150E333-8FDC-42A3-9474-1A3956D46DE8}") = "Main projects", "Main projects", "{2045A3E1-12ED-4919-9BB1-6626477112D7}"
EndProject
Project("{FAE04EC0-301F-11D3-BF4B-00C04F79EFBC}") = "ICompilerPlugin.FreePascal", "ICompilerPlugin.FreePascal\ICompilerPlugin.FreePascal.csproj", "{4972495C-3341-484D-AAF3-01DB824C8031}"
EndProject
Project("{FAE04EC0-301F-11D3-BF4B-00C04F79EFBC}") = "ICompilerPlugin.MonoCompiler", "ICompilerPlugin.MonoCompiler\ICompilerPlugin.MonoCompiler.csproj", "{5AE99DC1-D02D-4EBF-8045-1DDE8AAA21FF}"
EndProject
Project("{FAE04EC0-301F-11D3-BF4B-00C04F79EFBC}") = "ICompilerPlugin.GCC", "ICompilerPlugin.GCC\ICompilerPlugin.GCC.csproj", "{FE0E75AC-CEE1-41AD-8E96-12BABEF27AD5}"
EndProject
Project("{FAE04EC0-301F-11D3-BF4B-00C04F79EFBC}") = "ICompilerPlugin.GPP", "ICompilerPlugin.GPP\ICompilerPlugin.GPP.csproj", "{9BE7A56D-998F-4A02-B1CD-F481070A1FEB}"
EndProject
Project("{FAE04EC0-301F-11D3-BF4B-00C04F79EFBC}") = "ICompilerPlugin.Java", "ICompilerPlugin.Java\ICompilerPlugin.Java.csproj", "{64E0447C-0F5B-48E0-9E99-8912B50218D2}"
EndProject
Project("{FAE04EC0-301F-11D3-BF4B-00C04F79EFBC}") = "ICompilerPlugin.Python", "ICompilerPlugin.Python\ICompilerPlugin.Python.csproj", "{75307BDD-5876-42A4-961D-FF3107CBBF7D}"
EndProject
Project("{FAE04EC0-301F-11D3-BF4B-00C04F79EFBC}") = "ICompilerPlugin.Lua", "ICompilerPlugin.Lua\ICompilerPlugin.Lua.csproj", "{86091FB0-BDB6-496D-820C-C5D21CBC6C8A}"
EndProject
Project("{FAE04EC0-301F-11D3-BF4B-00C04F79EFBC}") = "ICompilerPlugin.PHP", "ICompilerPlugin.PHP\ICompilerPlugin.PHP.csproj", "{CC4690FA-5D42-436B-8933-97F00F4BFC8B}"
EndProject
Project("{FAE04EC0-301F-11D3-BF4B-00C04F79EFBC}") = "TesterBase", "TesterBase\TesterBase.csproj", "{89783D22-E168-40A4-929E-1BD4498A7FDF}"
EndProject
Project("{FAE04EC0-301F-11D3-BF4B-00C04F79EFBC}") = "SimplePM_Exceptions", "SimplePM_Exceptions\SimplePM_Exceptions.csproj", "{BADA387E-DF27-4AB7-9B11-F3EA89630494}"
EndProject
Global
	GlobalSection(SolutionConfigurationPlatforms) = preSolution
		Debug|Any CPU = Debug|Any CPU
		Debug|x64 = Debug|x64
		Release|Any CPU = Release|Any CPU
		Release|x64 = Release|x64
	EndGlobalSection
	GlobalSection(ProjectConfigurationPlatforms) = postSolution
		{94AF3181-17F8-4CC3-945C-CF911824B91C}.Debug|Any CPU.ActiveCfg = Debug|x64
		{94AF3181-17F8-4CC3-945C-CF911824B91C}.Debug|x64.ActiveCfg = Release|x64
		{94AF3181-17F8-4CC3-945C-CF911824B91C}.Debug|x64.Build.0 = Release|x64
		{94AF3181-17F8-4CC3-945C-CF911824B91C}.Release|Any CPU.ActiveCfg = Release|x64
		{94AF3181-17F8-4CC3-945C-CF911824B91C}.Release|x64.ActiveCfg = Release|x64
		{94AF3181-17F8-4CC3-945C-CF911824B91C}.Release|x64.Build.0 = Release|x64
		{BAEC96C2-D35E-40DE-99A8-8162174082AC}.Debug|Any CPU.ActiveCfg = Debug|x64
		{BAEC96C2-D35E-40DE-99A8-8162174082AC}.Debug|x64.ActiveCfg = Release|x64
		{BAEC96C2-D35E-40DE-99A8-8162174082AC}.Debug|x64.Build.0 = Release|x64
		{BAEC96C2-D35E-40DE-99A8-8162174082AC}.Release|Any CPU.ActiveCfg = Release|x64
		{BAEC96C2-D35E-40DE-99A8-8162174082AC}.Release|x64.ActiveCfg = Release|x64
		{BAEC96C2-D35E-40DE-99A8-8162174082AC}.Release|x64.Build.0 = Release|x64
		{4972495C-3341-484D-AAF3-01DB824C8031}.Debug|Any CPU.ActiveCfg = Debug|x64
		{4972495C-3341-484D-AAF3-01DB824C8031}.Debug|x64.ActiveCfg = Debug|x64
		{4972495C-3341-484D-AAF3-01DB824C8031}.Debug|x64.Build.0 = Debug|x64
		{4972495C-3341-484D-AAF3-01DB824C8031}.Release|Any CPU.ActiveCfg = Release|x64
		{4972495C-3341-484D-AAF3-01DB824C8031}.Release|x64.ActiveCfg = Release|x64
		{4972495C-3341-484D-AAF3-01DB824C8031}.Release|x64.Build.0 = Release|x64
		{5AE99DC1-D02D-4EBF-8045-1DDE8AAA21FF}.Debug|Any CPU.ActiveCfg = Debug|x64
		{5AE99DC1-D02D-4EBF-8045-1DDE8AAA21FF}.Debug|x64.ActiveCfg = Debug|x64
		{5AE99DC1-D02D-4EBF-8045-1DDE8AAA21FF}.Debug|x64.Build.0 = Debug|x64
		{5AE99DC1-D02D-4EBF-8045-1DDE8AAA21FF}.Release|Any CPU.ActiveCfg = Release|x64
		{5AE99DC1-D02D-4EBF-8045-1DDE8AAA21FF}.Release|x64.ActiveCfg = Release|x64
		{5AE99DC1-D02D-4EBF-8045-1DDE8AAA21FF}.Release|x64.Build.0 = Release|x64
		{FE0E75AC-CEE1-41AD-8E96-12BABEF27AD5}.Debug|Any CPU.ActiveCfg = Debug|x64
		{FE0E75AC-CEE1-41AD-8E96-12BABEF27AD5}.Debug|x64.ActiveCfg = Debug|x64
		{FE0E75AC-CEE1-41AD-8E96-12BABEF27AD5}.Debug|x64.Build.0 = Debug|x64
		{FE0E75AC-CEE1-41AD-8E96-12BABEF27AD5}.Release|Any CPU.ActiveCfg = Release|x64
		{FE0E75AC-CEE1-41AD-8E96-12BABEF27AD5}.Release|x64.ActiveCfg = Release|x64
		{FE0E75AC-CEE1-41AD-8E96-12BABEF27AD5}.Release|x64.Build.0 = Release|x64
		{9BE7A56D-998F-4A02-B1CD-F481070A1FEB}.Debug|Any CPU.ActiveCfg = Debug|x64
		{9BE7A56D-998F-4A02-B1CD-F481070A1FEB}.Debug|x64.ActiveCfg = Debug|x64
		{9BE7A56D-998F-4A02-B1CD-F481070A1FEB}.Debug|x64.Build.0 = Debug|x64
		{9BE7A56D-998F-4A02-B1CD-F481070A1FEB}.Release|Any CPU.ActiveCfg = Release|x64
		{9BE7A56D-998F-4A02-B1CD-F481070A1FEB}.Release|x64.ActiveCfg = Release|x64
		{9BE7A56D-998F-4A02-B1CD-F481070A1FEB}.Release|x64.Build.0 = Release|x64
		{64E0447C-0F5B-48E0-9E99-8912B50218D2}.Debug|Any CPU.ActiveCfg = Debug|x64
		{64E0447C-0F5B-48E0-9E99-8912B50218D2}.Debug|x64.ActiveCfg = Debug|x64
		{64E0447C-0F5B-48E0-9E99-8912B50218D2}.Debug|x64.Build.0 = Debug|x64
		{64E0447C-0F5B-48E0-9E99-8912B50218D2}.Release|Any CPU.ActiveCfg = Release|x64
		{64E0447C-0F5B-48E0-9E99-8912B50218D2}.Release|x64.ActiveCfg = Release|x64
		{64E0447C-0F5B-48E0-9E99-8912B50218D2}.Release|x64.Build.0 = Release|x64
		{75307BDD-5876-42A4-961D-FF3107CBBF7D}.Debug|Any CPU.ActiveCfg = Debug|x64
		{75307BDD-5876-42A4-961D-FF3107CBBF7D}.Debug|x64.ActiveCfg = Debug|x64
		{75307BDD-5876-42A4-961D-FF3107CBBF7D}.Debug|x64.Build.0 = Debug|x64
		{75307BDD-5876-42A4-961D-FF3107CBBF7D}.Release|Any CPU.ActiveCfg = Release|x64
		{75307BDD-5876-42A4-961D-FF3107CBBF7D}.Release|x64.ActiveCfg = Release|x64
		{75307BDD-5876-42A4-961D-FF3107CBBF7D}.Release|x64.Build.0 = Release|x64
		{86091FB0-BDB6-496D-820C-C5D21CBC6C8A}.Debug|Any CPU.ActiveCfg = Debug|x64
		{86091FB0-BDB6-496D-820C-C5D21CBC6C8A}.Debug|x64.ActiveCfg = Debug|x64
		{86091FB0-BDB6-496D-820C-C5D21CBC6C8A}.Debug|x64.Build.0 = Debug|x64
		{86091FB0-BDB6-496D-820C-C5D21CBC6C8A}.Release|Any CPU.ActiveCfg = Release|x64
		{86091FB0-BDB6-496D-820C-C5D21CBC6C8A}.Release|x64.ActiveCfg = Release|x64
		{86091FB0-BDB6-496D-820C-C5D21CBC6C8A}.Release|x64.Build.0 = Release|x64
		{CC4690FA-5D42-436B-8933-97F00F4BFC8B}.Debug|Any CPU.ActiveCfg = Debug|x64
		{CC4690FA-5D42-436B-8933-97F00F4BFC8B}.Debug|x64.ActiveCfg = Debug|x64
		{CC4690FA-5D42-436B-8933-97F00F4BFC8B}.Debug|x64.Build.0 = Debug|x64
		{CC4690FA-5D42-436B-8933-97F00F4BFC8B}.Release|Any CPU.ActiveCfg = Release|x64
		{CC4690FA-5D42-436B-8933-97F00F4BFC8B}.Release|x64.ActiveCfg = Release|x64
		{CC4690FA-5D42-436B-8933-97F00F4BFC8B}.Release|x64.Build.0 = Release|x64
		{89783D22-E168-40A4-929E-1BD4498A7FDF}.Debug|Any CPU.ActiveCfg = Debug|x64
		{89783D22-E168-40A4-929E-1BD4498A7FDF}.Debug|x64.ActiveCfg = Debug|x64
		{89783D22-E168-40A4-929E-1BD4498A7FDF}.Debug|x64.Build.0 = Debug|x64
		{89783D22-E168-40A4-929E-1BD4498A7FDF}.Release|Any CPU.ActiveCfg = Release|x64
		{89783D22-E168-40A4-929E-1BD4498A7FDF}.Release|x64.ActiveCfg = Release|x64
		{89783D22-E168-40A4-929E-1BD4498A7FDF}.Release|x64.Build.0 = Release|x64
		{BADA387E-DF27-4AB7-9B11-F3EA89630494}.Debug|Any CPU.ActiveCfg = Debug|Any CPU
		{BADA387E-DF27-4AB7-9B11-F3EA89630494}.Debug|Any CPU.Build.0 = Debug|Any CPU
		{BADA387E-DF27-4AB7-9B11-F3EA89630494}.Debug|x64.ActiveCfg = Debug|Any CPU
		{BADA387E-DF27-4AB7-9B11-F3EA89630494}.Debug|x64.Build.0 = Debug|Any CPU
		{BADA387E-DF27-4AB7-9B11-F3EA89630494}.Release|Any CPU.ActiveCfg = Release|Any CPU
		{BADA387E-DF27-4AB7-9B11-F3EA89630494}.Release|Any CPU.Build.0 = Release|Any CPU
		{BADA387E-DF27-4AB7-9B11-F3EA89630494}.Release|x64.ActiveCfg = Release|Any CPU
		{BADA387E-DF27-4AB7-9B11-F3EA89630494}.Release|x64.Build.0 = Release|Any CPU
	EndGlobalSection
	GlobalSection(SolutionProperties) = preSolution
		HideSolutionNode = FALSE
	EndGlobalSection
	GlobalSection(NestedProjects) = preSolution
		{94AF3181-17F8-4CC3-945C-CF911824B91C} = {2045A3E1-12ED-4919-9BB1-6626477112D7}
		{BAEC96C2-D35E-40DE-99A8-8162174082AC} = {5B3793B0-D301-43CB-91B9-BF6D5E8CA34F}
		{4972495C-3341-484D-AAF3-01DB824C8031} = {AB1BFCB2-43F0-42D9-A7A7-23938E8C20D4}
		{5AE99DC1-D02D-4EBF-8045-1DDE8AAA21FF} = {AB1BFCB2-43F0-42D9-A7A7-23938E8C20D4}
		{FE0E75AC-CEE1-41AD-8E96-12BABEF27AD5} = {AB1BFCB2-43F0-42D9-A7A7-23938E8C20D4}
		{9BE7A56D-998F-4A02-B1CD-F481070A1FEB} = {AB1BFCB2-43F0-42D9-A7A7-23938E8C20D4}
		{64E0447C-0F5B-48E0-9E99-8912B50218D2} = {AB1BFCB2-43F0-42D9-A7A7-23938E8C20D4}
		{75307BDD-5876-42A4-961D-FF3107CBBF7D} = {AB1BFCB2-43F0-42D9-A7A7-23938E8C20D4}
		{86091FB0-BDB6-496D-820C-C5D21CBC6C8A} = {AB1BFCB2-43F0-42D9-A7A7-23938E8C20D4}
		{CC4690FA-5D42-436B-8933-97F00F4BFC8B} = {AB1BFCB2-43F0-42D9-A7A7-23938E8C20D4}
		{89783D22-E168-40A4-929E-1BD4498A7FDF} = {5B3793B0-D301-43CB-91B9-BF6D5E8CA34F}
		{BADA387E-DF27-4AB7-9B11-F3EA89630494} = {2045A3E1-12ED-4919-9BB1-6626477112D7}
	EndGlobalSection
	GlobalSection(ExtensibilityGlobals) = postSolution
		SolutionGuid = {56F31401-B3C0-4807-AE6F-109275F9E051}
	EndGlobalSection
EndGlobal
